
Microsoft Visual Studio Solution File, Format Version 12.00
# Visual Studio Version 17
VisualStudioVersion = 17.3.32819.101
MinimumVisualStudioVersion = 10.0.40219.1
Project("{FAE04EC0-301F-11D3-BF4B-00C04F79EFBC}") = "SSnake", "SSnake.csproj", "{DD15363F-B3B1-4131-8B20-B76BFF31D1DA}"
EndProject
Global
	GlobalSection(SolutionConfigurationPlatforms) = preSolution
		Debug|Any CPU = Debug|Any CPU
		Release|Any CPU = Release|Any CPU
	EndGlobalSection
	GlobalSection(ProjectConfigurationPlatforms) = postSolution
		{DD15363F-B3B1-4131-8B20-B76BFF31D1DA}.Debug|Any CPU.ActiveCfg = Debug|Any CPU
		{DD15363F-B3B1-4131-8B20-B76BFF31D1DA}.Debug|Any CPU.Build.0 = Debug|Any CPU
		{DD15363F-B3B1-4131-8B20-B76BFF31D1DA}.Release|Any CPU.ActiveCfg = Release|Any CPU
		{DD15363F-B3B1-4131-8B20-B76BFF31D1DA}.Release|Any CPU.Build.0 = Release|Any CPU
	EndGlobalSection
	GlobalSection(SolutionProperties) = preSolution
		HideSolutionNode = FALSE
	EndGlobalSection
	GlobalSection(ExtensibilityGlobals) = postSolution
		SolutionGuid = {C5B426F8-F6B7-47FB-8510-670A915D3D0E}
	EndGlobalSection
EndGlobal
